
Microsoft Visual Studio Solution File, Format Version 12.00
# Visual Studio Version 16
VisualStudioVersion = 16.0.31727.386
MinimumVisualStudioVersion = 10.0.40219.1
Project("{FAE04EC0-301F-11D3-BF4B-00C04F79EFBC}") = "Lesson14_1", "Lesson14_1\Lesson14_1.csproj", "{9095BFDB-E655-4D3F-9AB8-356ED32497E3}"
EndProject
Global
	GlobalSection(SolutionConfigurationPlatforms) = preSolution
		Debug|Any CPU = Debug|Any CPU
		Release|Any CPU = Release|Any CPU
	EndGlobalSection
	GlobalSection(ProjectConfigurationPlatforms) = postSolution
		{9095BFDB-E655-4D3F-9AB8-356ED32497E3}.Debug|Any CPU.ActiveCfg = Debug|Any CPU
		{9095BFDB-E655-4D3F-9AB8-356ED32497E3}.Debug|Any CPU.Build.0 = Debug|Any CPU
		{9095BFDB-E655-4D3F-9AB8-356ED32497E3}.Release|Any CPU.ActiveCfg = Release|Any CPU
		{9095BFDB-E655-4D3F-9AB8-356ED32497E3}.Release|Any CPU.Build.0 = Release|Any CPU
	EndGlobalSection
	GlobalSection(SolutionProperties) = preSolution
		HideSolutionNode = FALSE
	EndGlobalSection
	GlobalSection(ExtensibilityGlobals) = postSolution
		SolutionGuid = {82936E78-E083-43F6-8114-2881504FD3E9}
	EndGlobalSection
EndGlobal
