
Microsoft Visual Studio Solution File, Format Version 12.00
# Visual Studio Version 16
VisualStudioVersion = 16.0.31727.386
MinimumVisualStudioVersion = 10.0.40219.1
Project("{FAE04EC0-301F-11D3-BF4B-00C04F79EFBC}") = "exam_2_1", "exam_2_1\exam_2_1.csproj", "{89672144-E235-4FD8-AE0E-8AF32BB4D705}"
EndProject
Global
	GlobalSection(SolutionConfigurationPlatforms) = preSolution
		Debug|Any CPU = Debug|Any CPU
		Release|Any CPU = Release|Any CPU
	EndGlobalSection
	GlobalSection(ProjectConfigurationPlatforms) = postSolution
		{89672144-E235-4FD8-AE0E-8AF32BB4D705}.Debug|Any CPU.ActiveCfg = Debug|Any CPU
		{89672144-E235-4FD8-AE0E-8AF32BB4D705}.Debug|Any CPU.Build.0 = Debug|Any CPU
		{89672144-E235-4FD8-AE0E-8AF32BB4D705}.Release|Any CPU.ActiveCfg = Release|Any CPU
		{89672144-E235-4FD8-AE0E-8AF32BB4D705}.Release|Any CPU.Build.0 = Release|Any CPU
	EndGlobalSection
	GlobalSection(SolutionProperties) = preSolution
		HideSolutionNode = FALSE
	EndGlobalSection
	GlobalSection(ExtensibilityGlobals) = postSolution
		SolutionGuid = {AAEF9EC9-FFD0-42CD-9FD6-1CF5603F14CB}
	EndGlobalSection
EndGlobal
